
Microsoft Visual Studio Solution File, Format Version 12.00
Project("{FAE04EC0-301F-11D3-BF4B-00C04F79EFBC}") = "adobe-manager", "adobe-manager.csproj", "{16B77FBE-3C6D-4D84-BE0E-43D50F3E586E}"
EndProject
Global
	GlobalSection(SolutionConfigurationPlatforms) = preSolution
		Debug|Any CPU = Debug|Any CPU
		Release|Any CPU = Release|Any CPU
	EndGlobalSection
	GlobalSection(ProjectConfigurationPlatforms) = postSolution
		{16B77FBE-3C6D-4D84-BE0E-43D50F3E586E}.Debug|Any CPU.ActiveCfg = Debug|Any CPU
		{16B77FBE-3C6D-4D84-BE0E-43D50F3E586E}.Debug|Any CPU.Build.0 = Debug|Any CPU
		{16B77FBE-3C6D-4D84-BE0E-43D50F3E586E}.Release|Any CPU.ActiveCfg = Release|Any CPU
		{16B77FBE-3C6D-4D84-BE0E-43D50F3E586E}.Release|Any CPU.Build.0 = Release|Any CPU
	EndGlobalSection
EndGlobal
